
Microsoft Visual Studio Solution File, Format Version 12.00
# Visual Studio 15
VisualStudioVersion = 15.0.28307.136
MinimumVisualStudioVersion = 10.0.40219.1
Project("{FAE04EC0-301F-11D3-BF4B-00C04F79EFBC}") = "ISAM5430_HW02", "ISAM5430_HW02\ISAM5430_HW02.csproj", "{94BE3A4A-82D0-4165-A841-43859AFFD540}"
EndProject
Project("{FAE04EC0-301F-11D3-BF4B-00C04F79EFBC}") = "B1", "B1\B1.csproj", "{8881023D-39DA-4F93-A63A-B431B253C1BB}"
EndProject
Project("{FAE04EC0-301F-11D3-BF4B-00C04F79EFBC}") = "B2", "B2\B2.csproj", "{6C92C413-6919-498F-95F9-54B3A3510D7D}"
EndProject
Project("{FAE04EC0-301F-11D3-BF4B-00C04F79EFBC}") = "C1-1", "C1-1\C1-1.csproj", "{3B375A8B-1DA4-46E8-9F92-FC1147D74C0B}"
EndProject
Project("{FAE04EC0-301F-11D3-BF4B-00C04F79EFBC}") = "C1-2", "C1-2\C1-2.csproj", "{65F590FB-536B-4624-B30C-2C08B86900C8}"
EndProject
Project("{FAE04EC0-301F-11D3-BF4B-00C04F79EFBC}") = "C1-3", "C1-3\C1-3.csproj", "{FD931028-C5F0-47FC-828D-EFE7071E374B}"
EndProject
Project("{FAE04EC0-301F-11D3-BF4B-00C04F79EFBC}") = "C1-4", "C1-4\C1-4.csproj", "{DD924C71-5A27-4882-9A8D-1C9EBD84C5A7}"
EndProject
Project("{FAE04EC0-301F-11D3-BF4B-00C04F79EFBC}") = "C1-5", "C1-5\C1-5.csproj", "{87665B17-2669-482A-986E-CF3B1F1A6A3D}"
EndProject
Project("{FAE04EC0-301F-11D3-BF4B-00C04F79EFBC}") = "C1-7", "C1-7\C1-7.csproj", "{27D77662-18BE-4F56-BC58-694CFF97B712}"
EndProject
Project("{FAE04EC0-301F-11D3-BF4B-00C04F79EFBC}") = "C2-8", "C2-8\C2-8.csproj", "{97FAEE69-8CB8-4629-BCC4-97BE686D92C3}"
EndProject
Project("{FAE04EC0-301F-11D3-BF4B-00C04F79EFBC}") = "C2-9", "C2-9\C2-9.csproj", "{8AE87536-8CCF-4650-8636-A19A42C7AD5E}"
EndProject
Project("{FAE04EC0-301F-11D3-BF4B-00C04F79EFBC}") = "C2-10", "C2-10\C2-10.csproj", "{AD3B45ED-D03F-4E5E-B5D7-680E0D3B35A9}"
EndProject
Project("{FAE04EC0-301F-11D3-BF4B-00C04F79EFBC}") = "C3-11", "C3-11\C3-11.csproj", "{32F30702-EBB6-430A-8A34-8938CBAC23ED}"
EndProject
Project("{FAE04EC0-301F-11D3-BF4B-00C04F79EFBC}") = "C4", "C4\C4.csproj", "{A30CE64D-94A4-4914-A432-433BEE72FB60}"
EndProject
Project("{FAE04EC0-301F-11D3-BF4B-00C04F79EFBC}") = "D1-1", "D1-1\D1-1.csproj", "{8A57E7D2-FACC-46EC-92D2-4C186B747783}"
EndProject
Project("{FAE04EC0-301F-11D3-BF4B-00C04F79EFBC}") = "D1", "D1\D1.csproj", "{04E2B3D3-92C0-427D-9527-E48F859BA2DC}"
EndProject
Project("{FAE04EC0-301F-11D3-BF4B-00C04F79EFBC}") = "D1-2", "D1-2\D1-2.csproj", "{A3063684-BB43-4771-85A7-222FA802668C}"
EndProject
Project("{FAE04EC0-301F-11D3-BF4B-00C04F79EFBC}") = "D1-3", "D1-3\D1-3.csproj", "{0EDFBE86-7CE2-4DE0-897D-5326C3E6240C}"
EndProject
Project("{FAE04EC0-301F-11D3-BF4B-00C04F79EFBC}") = "D1-4", "D1-4\D1-4.csproj", "{104CC068-712E-43A1-8740-B419A4A17503}"
EndProject
Project("{FAE04EC0-301F-11D3-BF4B-00C04F79EFBC}") = "D1-5", "D1-5\D1-5.csproj", "{B96FE060-38CE-4A2C-8616-932BC6DB4531}"
EndProject
Project("{FAE04EC0-301F-11D3-BF4B-00C04F79EFBC}") = "D1-6", "D1-6\D1-6.csproj", "{226EA36C-C45E-4EF3-A341-37963E69221B}"
EndProject
Project("{FAE04EC0-301F-11D3-BF4B-00C04F79EFBC}") = "D1-8", "D1-8\D1-8.csproj", "{FF8EAD52-DF2A-4AD0-8870-60B2EC2A56AA}"
EndProject
Project("{FAE04EC0-301F-11D3-BF4B-00C04F79EFBC}") = "D1-7", "D1-7\D1-7.csproj", "{BEC96D61-B871-45E7-AAE4-AA2B99E50279}"
EndProject
Project("{FAE04EC0-301F-11D3-BF4B-00C04F79EFBC}") = "C1-6", "C1-6\C1-6.csproj", "{606A8557-BCF7-42F6-B01B-9131E5FC290E}"
EndProject
Project("{FAE04EC0-301F-11D3-BF4B-00C04F79EFBC}") = "C3-12", "C3-12\C3-12.csproj", "{D2B5C5C7-1758-4444-8D7E-751AE359B13E}"
EndProject
Global
	GlobalSection(SolutionConfigurationPlatforms) = preSolution
		Debug|Any CPU = Debug|Any CPU
		Release|Any CPU = Release|Any CPU
	EndGlobalSection
	GlobalSection(ProjectConfigurationPlatforms) = postSolution
		{94BE3A4A-82D0-4165-A841-43859AFFD540}.Debug|Any CPU.ActiveCfg = Debug|Any CPU
		{94BE3A4A-82D0-4165-A841-43859AFFD540}.Debug|Any CPU.Build.0 = Debug|Any CPU
		{94BE3A4A-82D0-4165-A841-43859AFFD540}.Release|Any CPU.ActiveCfg = Release|Any CPU
		{94BE3A4A-82D0-4165-A841-43859AFFD540}.Release|Any CPU.Build.0 = Release|Any CPU
		{8881023D-39DA-4F93-A63A-B431B253C1BB}.Debug|Any CPU.ActiveCfg = Debug|Any CPU
		{8881023D-39DA-4F93-A63A-B431B253C1BB}.Debug|Any CPU.Build.0 = Debug|Any CPU
		{8881023D-39DA-4F93-A63A-B431B253C1BB}.Release|Any CPU.ActiveCfg = Release|Any CPU
		{8881023D-39DA-4F93-A63A-B431B253C1BB}.Release|Any CPU.Build.0 = Release|Any CPU
		{6C92C413-6919-498F-95F9-54B3A3510D7D}.Debug|Any CPU.ActiveCfg = Debug|Any CPU
		{6C92C413-6919-498F-95F9-54B3A3510D7D}.Debug|Any CPU.Build.0 = Debug|Any CPU
		{6C92C413-6919-498F-95F9-54B3A3510D7D}.Release|Any CPU.ActiveCfg = Release|Any CPU
		{6C92C413-6919-498F-95F9-54B3A3510D7D}.Release|Any CPU.Build.0 = Release|Any CPU
		{3B375A8B-1DA4-46E8-9F92-FC1147D74C0B}.Debug|Any CPU.ActiveCfg = Debug|Any CPU
		{3B375A8B-1DA4-46E8-9F92-FC1147D74C0B}.Debug|Any CPU.Build.0 = Debug|Any CPU
		{3B375A8B-1DA4-46E8-9F92-FC1147D74C0B}.Release|Any CPU.ActiveCfg = Release|Any CPU
		{3B375A8B-1DA4-46E8-9F92-FC1147D74C0B}.Release|Any CPU.Build.0 = Release|Any CPU
		{65F590FB-536B-4624-B30C-2C08B86900C8}.Debug|Any CPU.ActiveCfg = Debug|Any CPU
		{65F590FB-536B-4624-B30C-2C08B86900C8}.Debug|Any CPU.Build.0 = Debug|Any CPU
		{65F590FB-536B-4624-B30C-2C08B86900C8}.Release|Any CPU.ActiveCfg = Release|Any CPU
		{65F590FB-536B-4624-B30C-2C08B86900C8}.Release|Any CPU.Build.0 = Release|Any CPU
		{FD931028-C5F0-47FC-828D-EFE7071E374B}.Debug|Any CPU.ActiveCfg = Debug|Any CPU
		{FD931028-C5F0-47FC-828D-EFE7071E374B}.Debug|Any CPU.Build.0 = Debug|Any CPU
		{FD931028-C5F0-47FC-828D-EFE7071E374B}.Release|Any CPU.ActiveCfg = Release|Any CPU
		{FD931028-C5F0-47FC-828D-EFE7071E374B}.Release|Any CPU.Build.0 = Release|Any CPU
		{DD924C71-5A27-4882-9A8D-1C9EBD84C5A7}.Debug|Any CPU.ActiveCfg = Debug|Any CPU
		{DD924C71-5A27-4882-9A8D-1C9EBD84C5A7}.Debug|Any CPU.Build.0 = Debug|Any CPU
		{DD924C71-5A27-4882-9A8D-1C9EBD84C5A7}.Release|Any CPU.ActiveCfg = Release|Any CPU
		{DD924C71-5A27-4882-9A8D-1C9EBD84C5A7}.Release|Any CPU.Build.0 = Release|Any CPU
		{87665B17-2669-482A-986E-CF3B1F1A6A3D}.Debug|Any CPU.ActiveCfg = Debug|Any CPU
		{87665B17-2669-482A-986E-CF3B1F1A6A3D}.Debug|Any CPU.Build.0 = Debug|Any CPU
		{87665B17-2669-482A-986E-CF3B1F1A6A3D}.Release|Any CPU.ActiveCfg = Release|Any CPU
		{87665B17-2669-482A-986E-CF3B1F1A6A3D}.Release|Any CPU.Build.0 = Release|Any CPU
		{27D77662-18BE-4F56-BC58-694CFF97B712}.Debug|Any CPU.ActiveCfg = Debug|Any CPU
		{27D77662-18BE-4F56-BC58-694CFF97B712}.Debug|Any CPU.Build.0 = Debug|Any CPU
		{27D77662-18BE-4F56-BC58-694CFF97B712}.Release|Any CPU.ActiveCfg = Release|Any CPU
		{27D77662-18BE-4F56-BC58-694CFF97B712}.Release|Any CPU.Build.0 = Release|Any CPU
		{97FAEE69-8CB8-4629-BCC4-97BE686D92C3}.Debug|Any CPU.ActiveCfg = Debug|Any CPU
		{97FAEE69-8CB8-4629-BCC4-97BE686D92C3}.Debug|Any CPU.Build.0 = Debug|Any CPU
		{97FAEE69-8CB8-4629-BCC4-97BE686D92C3}.Release|Any CPU.ActiveCfg = Release|Any CPU
		{97FAEE69-8CB8-4629-BCC4-97BE686D92C3}.Release|Any CPU.Build.0 = Release|Any CPU
		{8AE87536-8CCF-4650-8636-A19A42C7AD5E}.Debug|Any CPU.ActiveCfg = Debug|Any CPU
		{8AE87536-8CCF-4650-8636-A19A42C7AD5E}.Debug|Any CPU.Build.0 = Debug|Any CPU
		{8AE87536-8CCF-4650-8636-A19A42C7AD5E}.Release|Any CPU.ActiveCfg = Release|Any CPU
		{8AE87536-8CCF-4650-8636-A19A42C7AD5E}.Release|Any CPU.Build.0 = Release|Any CPU
		{AD3B45ED-D03F-4E5E-B5D7-680E0D3B35A9}.Debug|Any CPU.ActiveCfg = Debug|Any CPU
		{AD3B45ED-D03F-4E5E-B5D7-680E0D3B35A9}.Debug|Any CPU.Build.0 = Debug|Any CPU
		{AD3B45ED-D03F-4E5E-B5D7-680E0D3B35A9}.Release|Any CPU.ActiveCfg = Release|Any CPU
		{AD3B45ED-D03F-4E5E-B5D7-680E0D3B35A9}.Release|Any CPU.Build.0 = Release|Any CPU
		{32F30702-EBB6-430A-8A34-8938CBAC23ED}.Debug|Any CPU.ActiveCfg = Debug|Any CPU
		{32F30702-EBB6-430A-8A34-8938CBAC23ED}.Debug|Any CPU.Build.0 = Debug|Any CPU
		{32F30702-EBB6-430A-8A34-8938CBAC23ED}.Release|Any CPU.ActiveCfg = Release|Any CPU
		{32F30702-EBB6-430A-8A34-8938CBAC23ED}.Release|Any CPU.Build.0 = Release|Any CPU
		{A30CE64D-94A4-4914-A432-433BEE72FB60}.Debug|Any CPU.ActiveCfg = Debug|Any CPU
		{A30CE64D-94A4-4914-A432-433BEE72FB60}.Debug|Any CPU.Build.0 = Debug|Any CPU
		{A30CE64D-94A4-4914-A432-433BEE72FB60}.Release|Any CPU.ActiveCfg = Release|Any CPU
		{A30CE64D-94A4-4914-A432-433BEE72FB60}.Release|Any CPU.Build.0 = Release|Any CPU
		{8A57E7D2-FACC-46EC-92D2-4C186B747783}.Debug|Any CPU.ActiveCfg = Debug|Any CPU
		{8A57E7D2-FACC-46EC-92D2-4C186B747783}.Debug|Any CPU.Build.0 = Debug|Any CPU
		{8A57E7D2-FACC-46EC-92D2-4C186B747783}.Release|Any CPU.ActiveCfg = Release|Any CPU
		{8A57E7D2-FACC-46EC-92D2-4C186B747783}.Release|Any CPU.Build.0 = Release|Any CPU
		{04E2B3D3-92C0-427D-9527-E48F859BA2DC}.Debug|Any CPU.ActiveCfg = Debug|Any CPU
		{04E2B3D3-92C0-427D-9527-E48F859BA2DC}.Debug|Any CPU.Build.0 = Debug|Any CPU
		{04E2B3D3-92C0-427D-9527-E48F859BA2DC}.Release|Any CPU.ActiveCfg = Release|Any CPU
		{04E2B3D3-92C0-427D-9527-E48F859BA2DC}.Release|Any CPU.Build.0 = Release|Any CPU
		{A3063684-BB43-4771-85A7-222FA802668C}.Debug|Any CPU.ActiveCfg = Debug|Any CPU
		{A3063684-BB43-4771-85A7-222FA802668C}.Debug|Any CPU.Build.0 = Debug|Any CPU
		{A3063684-BB43-4771-85A7-222FA802668C}.Release|Any CPU.ActiveCfg = Release|Any CPU
		{A3063684-BB43-4771-85A7-222FA802668C}.Release|Any CPU.Build.0 = Release|Any CPU
		{0EDFBE86-7CE2-4DE0-897D-5326C3E6240C}.Debug|Any CPU.ActiveCfg = Debug|Any CPU
		{0EDFBE86-7CE2-4DE0-897D-5326C3E6240C}.Debug|Any CPU.Build.0 = Debug|Any CPU
		{0EDFBE86-7CE2-4DE0-897D-5326C3E6240C}.Release|Any CPU.ActiveCfg = Release|Any CPU
		{0EDFBE86-7CE2-4DE0-897D-5326C3E6240C}.Release|Any CPU.Build.0 = Release|Any CPU
		{104CC068-712E-43A1-8740-B419A4A17503}.Debug|Any CPU.ActiveCfg = Debug|Any CPU
		{104CC068-712E-43A1-8740-B419A4A17503}.Debug|Any CPU.Build.0 = Debug|Any CPU
		{104CC068-712E-43A1-8740-B419A4A17503}.Release|Any CPU.ActiveCfg = Release|Any CPU
		{104CC068-712E-43A1-8740-B419A4A17503}.Release|Any CPU.Build.0 = Release|Any CPU
		{B96FE060-38CE-4A2C-8616-932BC6DB4531}.Debug|Any CPU.ActiveCfg = Debug|Any CPU
		{B96FE060-38CE-4A2C-8616-932BC6DB4531}.Debug|Any CPU.Build.0 = Debug|Any CPU
		{B96FE060-38CE-4A2C-8616-932BC6DB4531}.Release|Any CPU.ActiveCfg = Release|Any CPU
		{B96FE060-38CE-4A2C-8616-932BC6DB4531}.Release|Any CPU.Build.0 = Release|Any CPU
		{226EA36C-C45E-4EF3-A341-37963E69221B}.Debug|Any CPU.ActiveCfg = Debug|Any CPU
		{226EA36C-C45E-4EF3-A341-37963E69221B}.Debug|Any CPU.Build.0 = Debug|Any CPU
		{226EA36C-C45E-4EF3-A341-37963E69221B}.Release|Any CPU.ActiveCfg = Release|Any CPU
		{226EA36C-C45E-4EF3-A341-37963E69221B}.Release|Any CPU.Build.0 = Release|Any CPU
		{FF8EAD52-DF2A-4AD0-8870-60B2EC2A56AA}.Debug|Any CPU.ActiveCfg = Debug|Any CPU
		{FF8EAD52-DF2A-4AD0-8870-60B2EC2A56AA}.Debug|Any CPU.Build.0 = Debug|Any CPU
		{FF8EAD52-DF2A-4AD0-8870-60B2EC2A56AA}.Release|Any CPU.ActiveCfg = Release|Any CPU
		{FF8EAD52-DF2A-4AD0-8870-60B2EC2A56AA}.Release|Any CPU.Build.0 = Release|Any CPU
		{BEC96D61-B871-45E7-AAE4-AA2B99E50279}.Debug|Any CPU.ActiveCfg = Debug|Any CPU
		{BEC96D61-B871-45E7-AAE4-AA2B99E50279}.Debug|Any CPU.Build.0 = Debug|Any CPU
		{BEC96D61-B871-45E7-AAE4-AA2B99E50279}.Release|Any CPU.ActiveCfg = Release|Any CPU
		{BEC96D61-B871-45E7-AAE4-AA2B99E50279}.Release|Any CPU.Build.0 = Release|Any CPU
		{606A8557-BCF7-42F6-B01B-9131E5FC290E}.Debug|Any CPU.ActiveCfg = Debug|Any CPU
		{606A8557-BCF7-42F6-B01B-9131E5FC290E}.Debug|Any CPU.Build.0 = Debug|Any CPU
		{606A8557-BCF7-42F6-B01B-9131E5FC290E}.Release|Any CPU.ActiveCfg = Release|Any CPU
		{606A8557-BCF7-42F6-B01B-9131E5FC290E}.Release|Any CPU.Build.0 = Release|Any CPU
		{D2B5C5C7-1758-4444-8D7E-751AE359B13E}.Debug|Any CPU.ActiveCfg = Debug|Any CPU
		{D2B5C5C7-1758-4444-8D7E-751AE359B13E}.Debug|Any CPU.Build.0 = Debug|Any CPU
		{D2B5C5C7-1758-4444-8D7E-751AE359B13E}.Release|Any CPU.ActiveCfg = Release|Any CPU
		{D2B5C5C7-1758-4444-8D7E-751AE359B13E}.Release|Any CPU.Build.0 = Release|Any CPU
	EndGlobalSection
	GlobalSection(SolutionProperties) = preSolution
		HideSolutionNode = FALSE
	EndGlobalSection
	GlobalSection(ExtensibilityGlobals) = postSolution
		SolutionGuid = {F28908C5-3C74-4F8F-B50B-BDE27A46A7D8}
	EndGlobalSection
EndGlobal
